
Microsoft Visual Studio Solution File, Format Version 11.00
# Visual Studio 2010
Project("{3947E667-4C90-4C3A-BEB9-7148D6FE0D7C}") = "DPlanets", "DPlanets.dproj", "{6AED740E-9CAC-4FA4-A190-FBD6C6ABA279}"
EndProject
Global
	GlobalSection(SolutionConfigurationPlatforms) = preSolution
		Debug|Any CPU = Debug|Any CPU
		Release|Any CPU = Release|Any CPU
		Unittest|Any CPU = Unittest|Any CPU
	EndGlobalSection
	GlobalSection(ProjectConfigurationPlatforms) = postSolution
		{6AED740E-9CAC-4FA4-A190-FBD6C6ABA279}.Debug|Any CPU.ActiveCfg = Debug|Any CPU
		{6AED740E-9CAC-4FA4-A190-FBD6C6ABA279}.Debug|Any CPU.Build.0 = Debug|Any CPU
		{6AED740E-9CAC-4FA4-A190-FBD6C6ABA279}.Release|Any CPU.ActiveCfg = Release|Any CPU
		{6AED740E-9CAC-4FA4-A190-FBD6C6ABA279}.Release|Any CPU.Build.0 = Release|Any CPU
		{6AED740E-9CAC-4FA4-A190-FBD6C6ABA279}.Unittest|Any CPU.ActiveCfg = Unittest|Any CPU
		{6AED740E-9CAC-4FA4-A190-FBD6C6ABA279}.Unittest|Any CPU.Build.0 = Unittest|Any CPU
	EndGlobalSection
	GlobalSection(MonoDevelopProperties) = preSolution
		StartupItem = DPlanets.dproj
	EndGlobalSection
EndGlobal
